
Microsoft Visual Studio Solution File, Format Version 12.00
# Visual Studio Version 16
VisualStudioVersion = 16.0.30611.23
MinimumVisualStudioVersion = 10.0.40219.1
Project("{FAE04EC0-301F-11D3-BF4B-00C04F79EFBC}") = "Demo", "Demo\Demo.csproj", "{B01D2669-E7CA-47C8-9D48-8EA0B580F64A}"
EndProject
Global
	GlobalSection(SolutionConfigurationPlatforms) = preSolution
		Debug|Any CPU = Debug|Any CPU
		Release|Any CPU = Release|Any CPU
	EndGlobalSection
	GlobalSection(ProjectConfigurationPlatforms) = postSolution
		{B01D2669-E7CA-47C8-9D48-8EA0B580F64A}.Debug|Any CPU.ActiveCfg = Debug|Any CPU
		{B01D2669-E7CA-47C8-9D48-8EA0B580F64A}.Debug|Any CPU.Build.0 = Debug|Any CPU
		{B01D2669-E7CA-47C8-9D48-8EA0B580F64A}.Release|Any CPU.ActiveCfg = Release|Any CPU
		{B01D2669-E7CA-47C8-9D48-8EA0B580F64A}.Release|Any CPU.Build.0 = Release|Any CPU
	EndGlobalSection
	GlobalSection(SolutionProperties) = preSolution
		HideSolutionNode = FALSE
	EndGlobalSection
	GlobalSection(ExtensibilityGlobals) = postSolution
		SolutionGuid = {594FACD3-9CA6-4F11-91A1-0D614B733EBF}
	EndGlobalSection
EndGlobal
